# THIS IS AN AUTOGENERATED FILE. DO NOT EDIT THIS FILE DIRECTLY.
# yarn lockfile v1


"@types/lodash@^4.14.144":
  version "4.14.144"
  resolved "https://registry.yarnpkg.com/@types/lodash/-/lodash-4.14.144.tgz#12e57fc99064bce45e5ab3c8bc4783feb75eab8e"
  integrity sha512-ogI4g9W5qIQQUhXAclq6zhqgqNUr7UlFaqDHbch7WLSLeeM/7d3CRaw7GLajxvyFvhJqw4Rpcz5bhoaYtIx6Tg==

"@types/node-dijkstra@^2.5.0":
  version "2.5.0"
  resolved "https://registry.yarnpkg.com/@types/node-dijkstra/-/node-dijkstra-2.5.0.tgz#9d3d3a815e180a54241b9cacbda10614618eb472"
  integrity sha512-iWcNDM0PorXEv2PZbNps/64VXaMF3EcVuCyL+Y4ptnSL6rvKo2lq8VGfuW/iH6/UBne7jpQynnpdJXa9H4Dkag==
  dependencies:
    "@types/node" "*"

"@types/node@*":
  version "12.7.12"
  resolved "https://registry.yarnpkg.com/@types/node/-/node-12.7.12.tgz#7c6c571cc2f3f3ac4a59a5f2bd48f5bdbc8653cc"
  integrity sha512-KPYGmfD0/b1eXurQ59fXD1GBzhSQfz6/lKBxkaHX9dKTzjXbK68Zt7yGUxUsCS1jeTy/8aL+d9JEr+S54mpkWQ==

lodash@^4.17.15:
  version "4.17.15"
  resolved "https://registry.yarnpkg.com/lodash/-/lodash-4.17.15.tgz#b447f6670a0455bbfeedd11392eff330ea097548"
  integrity sha512-8xOcRHvCjnocdS5cpwXQXVzmmh5e5+saE2QGoeQmbKmRS6J3VQppPOIt0MnmE+4xlZoumy0GPG0D0MVIQbNA1A==

node-dijkstra@^2.5.0:
  version "2.5.0"
  resolved "https://registry.yarnpkg.com/node-dijkstra/-/node-dijkstra-2.5.0.tgz#0feb76c5a05f35b56e786de6df4d3364af28d4e8"
  integrity sha1-D+t2xaBfNbVueG3m300zZK8o1Og=

typescript@^3.6.4:
  version "3.6.4"
  resolved "https://registry.yarnpkg.com/typescript/-/typescript-3.6.4.tgz#b18752bb3792bc1a0281335f7f6ebf1bbfc5b91d"
  integrity sha512-unoCll1+l+YK4i4F8f22TaNVPRHcD9PA3yCuZ8g5e0qGqlVlJ/8FSateOLLSagn+Yg5+ZwuPkL8LFUc0Jcvksg==
